
Microsoft Visual Studio Solution File, Format Version 12.00
# Visual Studio Version 16
VisualStudioVersion = 16.0.30907.101
MinimumVisualStudioVersion = 10.0.40219.1
Project("{2150E333-8FDC-42A3-9474-1A3956D46DE8}") = "Services", "Services", "{18FB96AC-8EE0-43B5-B66C-3D178633059F}"
EndProject
Project("{2150E333-8FDC-42A3-9474-1A3956D46DE8}") = "Catalog", "Catalog", "{B49C679A-87CB-4BFF-AADD-3EF8FD5076FF}"
EndProject
Project("{9A19103F-16F7-4668-BE54-9A1E7A4F7556}") = "Catalog.API", "Services\Catalog\Catalog.API\Catalog.API.csproj", "{A6AD4CB1-EB80-445C-8B92-82786729BD79}"
EndProject
Project("{E53339B2-1760-4266-BCC7-CA923CBCF16C}") = "docker-compose", "docker-compose.dcproj", "{409DDBBE-3107-4E34-AADE-2D240171213C}"
EndProject
Project("{2150E333-8FDC-42A3-9474-1A3956D46DE8}") = "Basket", "Basket", "{E46DF034-401D-40B3-853C-51CFECA345EE}"
EndProject
Project("{9A19103F-16F7-4668-BE54-9A1E7A4F7556}") = "Basket.Api", "Services\Basket\Basket.Api\Basket.Api.csproj", "{CFB9A2EF-82E5-49CD-8482-D662658A8392}"
EndProject
Project("{2150E333-8FDC-42A3-9474-1A3956D46DE8}") = "Discount", "Discount", "{B053D4F5-0838-47A4-8C62-CEF4CCBE37FF}"
EndProject
Project("{9A19103F-16F7-4668-BE54-9A1E7A4F7556}") = "Discount.API", "Services\Discount\Discount.API\Discount.API.csproj", "{61398DD2-4369-4AB5-962B-FDEC2B9665C6}"
EndProject
Project("{FAE04EC0-301F-11D3-BF4B-00C04F79EFBC}") = "Discount.Grpc", "Services\Discount\Discount.Grpc\Discount.Grpc.csproj", "{F7916ECB-EA6E-4A7B-BE2A-44D53DE6A5A0}"
EndProject
Global
	GlobalSection(SolutionConfigurationPlatforms) = preSolution
		Debug|Any CPU = Debug|Any CPU
		Release|Any CPU = Release|Any CPU
	EndGlobalSection
	GlobalSection(ProjectConfigurationPlatforms) = postSolution
		{A6AD4CB1-EB80-445C-8B92-82786729BD79}.Debug|Any CPU.ActiveCfg = Debug|Any CPU
		{A6AD4CB1-EB80-445C-8B92-82786729BD79}.Debug|Any CPU.Build.0 = Debug|Any CPU
		{A6AD4CB1-EB80-445C-8B92-82786729BD79}.Release|Any CPU.ActiveCfg = Release|Any CPU
		{A6AD4CB1-EB80-445C-8B92-82786729BD79}.Release|Any CPU.Build.0 = Release|Any CPU
		{409DDBBE-3107-4E34-AADE-2D240171213C}.Debug|Any CPU.ActiveCfg = Debug|Any CPU
		{409DDBBE-3107-4E34-AADE-2D240171213C}.Debug|Any CPU.Build.0 = Debug|Any CPU
		{409DDBBE-3107-4E34-AADE-2D240171213C}.Release|Any CPU.ActiveCfg = Release|Any CPU
		{409DDBBE-3107-4E34-AADE-2D240171213C}.Release|Any CPU.Build.0 = Release|Any CPU
		{CFB9A2EF-82E5-49CD-8482-D662658A8392}.Debug|Any CPU.ActiveCfg = Debug|Any CPU
		{CFB9A2EF-82E5-49CD-8482-D662658A8392}.Debug|Any CPU.Build.0 = Debug|Any CPU
		{CFB9A2EF-82E5-49CD-8482-D662658A8392}.Release|Any CPU.ActiveCfg = Release|Any CPU
		{CFB9A2EF-82E5-49CD-8482-D662658A8392}.Release|Any CPU.Build.0 = Release|Any CPU
		{61398DD2-4369-4AB5-962B-FDEC2B9665C6}.Debug|Any CPU.ActiveCfg = Debug|Any CPU
		{61398DD2-4369-4AB5-962B-FDEC2B9665C6}.Debug|Any CPU.Build.0 = Debug|Any CPU
		{61398DD2-4369-4AB5-962B-FDEC2B9665C6}.Release|Any CPU.ActiveCfg = Release|Any CPU
		{61398DD2-4369-4AB5-962B-FDEC2B9665C6}.Release|Any CPU.Build.0 = Release|Any CPU
		{F7916ECB-EA6E-4A7B-BE2A-44D53DE6A5A0}.Debug|Any CPU.ActiveCfg = Debug|Any CPU
		{F7916ECB-EA6E-4A7B-BE2A-44D53DE6A5A0}.Debug|Any CPU.Build.0 = Debug|Any CPU
		{F7916ECB-EA6E-4A7B-BE2A-44D53DE6A5A0}.Release|Any CPU.ActiveCfg = Release|Any CPU
		{F7916ECB-EA6E-4A7B-BE2A-44D53DE6A5A0}.Release|Any CPU.Build.0 = Release|Any CPU
	EndGlobalSection
	GlobalSection(SolutionProperties) = preSolution
		HideSolutionNode = FALSE
	EndGlobalSection
	GlobalSection(NestedProjects) = preSolution
		{B49C679A-87CB-4BFF-AADD-3EF8FD5076FF} = {18FB96AC-8EE0-43B5-B66C-3D178633059F}
		{A6AD4CB1-EB80-445C-8B92-82786729BD79} = {B49C679A-87CB-4BFF-AADD-3EF8FD5076FF}
		{E46DF034-401D-40B3-853C-51CFECA345EE} = {18FB96AC-8EE0-43B5-B66C-3D178633059F}
		{CFB9A2EF-82E5-49CD-8482-D662658A8392} = {E46DF034-401D-40B3-853C-51CFECA345EE}
		{B053D4F5-0838-47A4-8C62-CEF4CCBE37FF} = {18FB96AC-8EE0-43B5-B66C-3D178633059F}
		{61398DD2-4369-4AB5-962B-FDEC2B9665C6} = {B053D4F5-0838-47A4-8C62-CEF4CCBE37FF}
		{F7916ECB-EA6E-4A7B-BE2A-44D53DE6A5A0} = {B053D4F5-0838-47A4-8C62-CEF4CCBE37FF}
	EndGlobalSection
	GlobalSection(ExtensibilityGlobals) = postSolution
		SolutionGuid = {E7FCDC5B-EE37-4674-8F69-D8B3C2D70D96}
	EndGlobalSection
EndGlobal
